
Microsoft Visual Studio Solution File, Format Version 12.00
# Visual Studio Version 17
VisualStudioVersion = 17.1.32210.238
MinimumVisualStudioVersion = 10.0.40219.1
Project("{9A19103F-16F7-4668-BE54-9A1E7A4F7556}") = "SimpleFileTransformer", "SimpleFileTransformer\SimpleFileTransformer.csproj", "{3AF7D14D-20A4-42F3-8081-5397F0686184}"
EndProject
Project("{9A19103F-16F7-4668-BE54-9A1E7A4F7556}") = "SimpleFileTransformer.GZip", "SimpleFileTransformer.GZip\SimpleFileTransformer.GZip.csproj", "{0A6EA058-B1BF-4617-B903-C616EC56948F}"
EndProject
Project("{9A19103F-16F7-4668-BE54-9A1E7A4F7556}") = "SimpleFileTransformer.GZipTest", "SimpleFileTransformer.GZipTest\SimpleFileTransformer.GZipTest.csproj", "{C975BEFA-7378-455A-BF1A-13920121D70C}"
EndProject
Global
	GlobalSection(SolutionConfigurationPlatforms) = preSolution
		Debug|Any CPU = Debug|Any CPU
		Release|Any CPU = Release|Any CPU
	EndGlobalSection
	GlobalSection(ProjectConfigurationPlatforms) = postSolution
		{3AF7D14D-20A4-42F3-8081-5397F0686184}.Debug|Any CPU.ActiveCfg = Debug|Any CPU
		{3AF7D14D-20A4-42F3-8081-5397F0686184}.Debug|Any CPU.Build.0 = Debug|Any CPU
		{3AF7D14D-20A4-42F3-8081-5397F0686184}.Release|Any CPU.ActiveCfg = Release|Any CPU
		{3AF7D14D-20A4-42F3-8081-5397F0686184}.Release|Any CPU.Build.0 = Release|Any CPU
		{0A6EA058-B1BF-4617-B903-C616EC56948F}.Debug|Any CPU.ActiveCfg = Debug|Any CPU
		{0A6EA058-B1BF-4617-B903-C616EC56948F}.Debug|Any CPU.Build.0 = Debug|Any CPU
		{0A6EA058-B1BF-4617-B903-C616EC56948F}.Release|Any CPU.ActiveCfg = Release|Any CPU
		{0A6EA058-B1BF-4617-B903-C616EC56948F}.Release|Any CPU.Build.0 = Release|Any CPU
		{C975BEFA-7378-455A-BF1A-13920121D70C}.Debug|Any CPU.ActiveCfg = Debug|Any CPU
		{C975BEFA-7378-455A-BF1A-13920121D70C}.Debug|Any CPU.Build.0 = Debug|Any CPU
		{C975BEFA-7378-455A-BF1A-13920121D70C}.Release|Any CPU.ActiveCfg = Release|Any CPU
		{C975BEFA-7378-455A-BF1A-13920121D70C}.Release|Any CPU.Build.0 = Release|Any CPU
	EndGlobalSection
	GlobalSection(SolutionProperties) = preSolution
		HideSolutionNode = FALSE
	EndGlobalSection
	GlobalSection(ExtensibilityGlobals) = postSolution
		SolutionGuid = {2AAF3B6A-AD32-445E-ABD7-3D14EE22AEF7}
	EndGlobalSection
EndGlobal
